
Microsoft Visual Studio Solution File, Format Version 12.00
# Visual Studio 2013
VisualStudioVersion = 12.0.40629.0
MinimumVisualStudioVersion = 10.0.40219.1
Project("{FAE04EC0-301F-11D3-BF4B-00C04F79EFBC}") = "HelloName", "HelloName\HelloName.csproj", "{57C224CF-9CFE-4EBA-9DF5-74F371375EEE}"
EndProject
Project("{FAE04EC0-301F-11D3-BF4B-00C04F79EFBC}") = "Prog52aConsole", "Prog52aConsole\Prog52aConsole.csproj", "{16AA9F7E-20CE-4332-A538-1A400321B677}"
EndProject
Project("{FAE04EC0-301F-11D3-BF4B-00C04F79EFBC}") = "Prog54bConsole", "Prog54bConsole\Prog54bConsole.csproj", "{D1725CCD-6A9C-408A-BF08-A8DF776391D0}"
EndProject
Project("{FAE04EC0-301F-11D3-BF4B-00C04F79EFBC}") = "Prog54cConsole", "Prog54cConsole\Prog54cConsole.csproj", "{1DE653F9-811C-4D11-9592-2BF247560F39}"
EndProject
Project("{FAE04EC0-301F-11D3-BF4B-00C04F79EFBC}") = "LP4-1", "LP4-1\LP4-1.csproj", "{D2ACB464-3C0C-4F88-B27D-8DAF6792A4DE}"
EndProject
Project("{FAE04EC0-301F-11D3-BF4B-00C04F79EFBC}") = "Pg266Console", "Pg266Console\Pg266Console.csproj", "{55FFF00A-6F5B-4381-8FAF-479595D6746B}"
EndProject
Project("{FAE04EC0-301F-11D3-BF4B-00C04F79EFBC}") = "LP4-2", "LP4-2\LP4-2.csproj", "{08F3B282-17F4-4508-B7EF-22D9B232394B}"
EndProject
Project("{FAE04EC0-301F-11D3-BF4B-00C04F79EFBC}") = "LP4-5", "LP4-5\LP4-5.csproj", "{8DE1423C-A055-4ED6-BA27-23C664FD9049}"
EndProject
Project("{FAE04EC0-301F-11D3-BF4B-00C04F79EFBC}") = "Pg273Bookpoints", "Pg273Bookpoints\Pg273Bookpoints.csproj", "{FE771EB1-DDA1-4872-AB8A-B60C5BD723B4}"
EndProject
Project("{FAE04EC0-301F-11D3-BF4B-00C04F79EFBC}") = "pg273MassandWeight", "pg273MassandWeight\pg273MassandWeight.csproj", "{03402272-28E8-476B-BB0F-B258C81B078B}"
EndProject
Global
	GlobalSection(SolutionConfigurationPlatforms) = preSolution
		Debug|Any CPU = Debug|Any CPU
		Release|Any CPU = Release|Any CPU
	EndGlobalSection
	GlobalSection(ProjectConfigurationPlatforms) = postSolution
		{57C224CF-9CFE-4EBA-9DF5-74F371375EEE}.Debug|Any CPU.ActiveCfg = Debug|Any CPU
		{57C224CF-9CFE-4EBA-9DF5-74F371375EEE}.Debug|Any CPU.Build.0 = Debug|Any CPU
		{57C224CF-9CFE-4EBA-9DF5-74F371375EEE}.Release|Any CPU.ActiveCfg = Release|Any CPU
		{57C224CF-9CFE-4EBA-9DF5-74F371375EEE}.Release|Any CPU.Build.0 = Release|Any CPU
		{16AA9F7E-20CE-4332-A538-1A400321B677}.Debug|Any CPU.ActiveCfg = Debug|Any CPU
		{16AA9F7E-20CE-4332-A538-1A400321B677}.Debug|Any CPU.Build.0 = Debug|Any CPU
		{16AA9F7E-20CE-4332-A538-1A400321B677}.Release|Any CPU.ActiveCfg = Release|Any CPU
		{16AA9F7E-20CE-4332-A538-1A400321B677}.Release|Any CPU.Build.0 = Release|Any CPU
		{D1725CCD-6A9C-408A-BF08-A8DF776391D0}.Debug|Any CPU.ActiveCfg = Debug|Any CPU
		{D1725CCD-6A9C-408A-BF08-A8DF776391D0}.Debug|Any CPU.Build.0 = Debug|Any CPU
		{D1725CCD-6A9C-408A-BF08-A8DF776391D0}.Release|Any CPU.ActiveCfg = Release|Any CPU
		{D1725CCD-6A9C-408A-BF08-A8DF776391D0}.Release|Any CPU.Build.0 = Release|Any CPU
		{1DE653F9-811C-4D11-9592-2BF247560F39}.Debug|Any CPU.ActiveCfg = Debug|Any CPU
		{1DE653F9-811C-4D11-9592-2BF247560F39}.Debug|Any CPU.Build.0 = Debug|Any CPU
		{1DE653F9-811C-4D11-9592-2BF247560F39}.Release|Any CPU.ActiveCfg = Release|Any CPU
		{1DE653F9-811C-4D11-9592-2BF247560F39}.Release|Any CPU.Build.0 = Release|Any CPU
		{D2ACB464-3C0C-4F88-B27D-8DAF6792A4DE}.Debug|Any CPU.ActiveCfg = Debug|Any CPU
		{D2ACB464-3C0C-4F88-B27D-8DAF6792A4DE}.Debug|Any CPU.Build.0 = Debug|Any CPU
		{D2ACB464-3C0C-4F88-B27D-8DAF6792A4DE}.Release|Any CPU.ActiveCfg = Release|Any CPU
		{D2ACB464-3C0C-4F88-B27D-8DAF6792A4DE}.Release|Any CPU.Build.0 = Release|Any CPU
		{55FFF00A-6F5B-4381-8FAF-479595D6746B}.Debug|Any CPU.ActiveCfg = Debug|Any CPU
		{55FFF00A-6F5B-4381-8FAF-479595D6746B}.Debug|Any CPU.Build.0 = Debug|Any CPU
		{55FFF00A-6F5B-4381-8FAF-479595D6746B}.Release|Any CPU.ActiveCfg = Release|Any CPU
		{55FFF00A-6F5B-4381-8FAF-479595D6746B}.Release|Any CPU.Build.0 = Release|Any CPU
		{08F3B282-17F4-4508-B7EF-22D9B232394B}.Debug|Any CPU.ActiveCfg = Debug|Any CPU
		{08F3B282-17F4-4508-B7EF-22D9B232394B}.Debug|Any CPU.Build.0 = Debug|Any CPU
		{08F3B282-17F4-4508-B7EF-22D9B232394B}.Release|Any CPU.ActiveCfg = Release|Any CPU
		{08F3B282-17F4-4508-B7EF-22D9B232394B}.Release|Any CPU.Build.0 = Release|Any CPU
		{8DE1423C-A055-4ED6-BA27-23C664FD9049}.Debug|Any CPU.ActiveCfg = Debug|Any CPU
		{8DE1423C-A055-4ED6-BA27-23C664FD9049}.Debug|Any CPU.Build.0 = Debug|Any CPU
		{8DE1423C-A055-4ED6-BA27-23C664FD9049}.Release|Any CPU.ActiveCfg = Release|Any CPU
		{8DE1423C-A055-4ED6-BA27-23C664FD9049}.Release|Any CPU.Build.0 = Release|Any CPU
		{FE771EB1-DDA1-4872-AB8A-B60C5BD723B4}.Debug|Any CPU.ActiveCfg = Debug|Any CPU
		{FE771EB1-DDA1-4872-AB8A-B60C5BD723B4}.Debug|Any CPU.Build.0 = Debug|Any CPU
		{FE771EB1-DDA1-4872-AB8A-B60C5BD723B4}.Release|Any CPU.ActiveCfg = Release|Any CPU
		{FE771EB1-DDA1-4872-AB8A-B60C5BD723B4}.Release|Any CPU.Build.0 = Release|Any CPU
		{03402272-28E8-476B-BB0F-B258C81B078B}.Debug|Any CPU.ActiveCfg = Debug|Any CPU
		{03402272-28E8-476B-BB0F-B258C81B078B}.Debug|Any CPU.Build.0 = Debug|Any CPU
		{03402272-28E8-476B-BB0F-B258C81B078B}.Release|Any CPU.ActiveCfg = Release|Any CPU
		{03402272-28E8-476B-BB0F-B258C81B078B}.Release|Any CPU.Build.0 = Release|Any CPU
	EndGlobalSection
	GlobalSection(SolutionProperties) = preSolution
		HideSolutionNode = FALSE
	EndGlobalSection
EndGlobal
