
Microsoft Visual Studio Solution File, Format Version 12.00
# Visual Studio Version 17
VisualStudioVersion = 17.0.32014.148
MinimumVisualStudioVersion = 10.0.40219.1
Project("{FAE04EC0-301F-11D3-BF4B-00C04F79EFBC}") = "HelloName", "HelloName\HelloName.csproj", "{57C224CF-9CFE-4EBA-9DF5-74F371375EEE}"
EndProject
Project("{FAE04EC0-301F-11D3-BF4B-00C04F79EFBC}") = "Prog52aConsole", "Prog52aConsole\Prog52aConsole.csproj", "{16AA9F7E-20CE-4332-A538-1A400321B677}"
EndProject
Project("{FAE04EC0-301F-11D3-BF4B-00C04F79EFBC}") = "Prog54bConsole", "Prog54bConsole\Prog54bConsole.csproj", "{D1725CCD-6A9C-408A-BF08-A8DF776391D0}"
EndProject
Project("{FAE04EC0-301F-11D3-BF4B-00C04F79EFBC}") = "Prog54cConsole", "Prog54cConsole\Prog54cConsole.csproj", "{1DE653F9-811C-4D11-9592-2BF247560F39}"
EndProject
Project("{FAE04EC0-301F-11D3-BF4B-00C04F79EFBC}") = "LP4-1", "LP4-1\LP4-1.csproj", "{D2ACB464-3C0C-4F88-B27D-8DAF6792A4DE}"
EndProject
Project("{FAE04EC0-301F-11D3-BF4B-00C04F79EFBC}") = "Pg266Console", "Pg266Console\Pg266Console.csproj", "{55FFF00A-6F5B-4381-8FAF-479595D6746B}"
EndProject
Project("{FAE04EC0-301F-11D3-BF4B-00C04F79EFBC}") = "LP4-2", "LP4-2\LP4-2.csproj", "{08F3B282-17F4-4508-B7EF-22D9B232394B}"
EndProject
Project("{FAE04EC0-301F-11D3-BF4B-00C04F79EFBC}") = "LP4-5", "LP4-5\LP4-5.csproj", "{8DE1423C-A055-4ED6-BA27-23C664FD9049}"
EndProject
Project("{FAE04EC0-301F-11D3-BF4B-00C04F79EFBC}") = "Pg273Bookpoints", "Pg273Bookpoints\Pg273Bookpoints.csproj", "{FE771EB1-DDA1-4872-AB8A-B60C5BD723B4}"
EndProject
Project("{FAE04EC0-301F-11D3-BF4B-00C04F79EFBC}") = "pg273MassandWeight", "pg273MassandWeight\pg273MassandWeight.csproj", "{03402272-28E8-476B-BB0F-B258C81B078B}"
EndProject
Project("{FAE04EC0-301F-11D3-BF4B-00C04F79EFBC}") = "pg273BookPointsForm", "pg273BookPointsForm\pg273BookPointsForm.csproj", "{EBF418BA-48E8-4BDB-BF1A-E9BA015805F4}"
EndProject
Project("{FAE04EC0-301F-11D3-BF4B-00C04F79EFBC}") = "Pg266Application", "Pg266Application\Pg266Application.csproj", "{46EE5CB8-8885-4CE0-B12C-F0326324A3C0}"
EndProject
Project("{FAE04EC0-301F-11D3-BF4B-00C04F79EFBC}") = "Pg273 Mass and Weight", "Pg273 Mass and Weight\Pg273 Mass and Weight.csproj", "{E3A6914A-B0A3-4B26-9D4A-789342BAC753}"
EndProject
Project("{FAE04EC0-301F-11D3-BF4B-00C04F79EFBC}") = "Prog122a", "Prog122a\Prog122a.csproj", "{92086D93-DA84-4F58-8558-2374E43F3677}"
EndProject
Project("{FAE04EC0-301F-11D3-BF4B-00C04F79EFBC}") = "Prog310a", "Prog310a\Prog310a.csproj", "{C4320667-569C-42E6-81A5-4D33457539DC}"
EndProject
Project("{FAE04EC0-301F-11D3-BF4B-00C04F79EFBC}") = "Pg347Sum", "Pg347Sum\Pg347Sum.csproj", "{E0E69A34-5E0E-4C1F-9DCA-FFD9220BBA7E}"
EndProject
Project("{9A19103F-16F7-4668-BE54-9A1E7A4F7556}") = "CalcWithFunctions", "CalcWithFunctions\CalcWithFunctions.csproj", "{B7EE3F11-DE91-419A-922F-2A7736C375ED}"
EndProject
Project("{9A19103F-16F7-4668-BE54-9A1E7A4F7556}") = "Prog366b", "Prog366b\Prog366b.csproj", "{6287DA6A-8E0B-4A2B-8E5B-0F2211DE275F}"
EndProject
Project("{FAE04EC0-301F-11D3-BF4B-00C04F79EFBC}") = "pg344LoanCalc", "pg344LoanCalc\pg344LoanCalc.csproj", "{9FC9A1C1-836C-455B-AB59-856AD30375C8}"
EndProject
Project("{9A19103F-16F7-4668-BE54-9A1E7A4F7556}") = "Lang122b", "Lang122b\Lang122b.csproj", "{403E7A5F-D731-4F57-AA4E-63AD561D8C74}"
EndProject
Project("{9A19103F-16F7-4668-BE54-9A1E7A4F7556}") = "lang122d", "lang122d\lang122d.csproj", "{3EAFEA9C-3BA5-4337-BB11-C150B222A444}"
EndProject
Project("{9A19103F-16F7-4668-BE54-9A1E7A4F7556}") = "Pg498Payroll", "Pg498Payroll\Pg498Payroll.csproj", "{5C0E12EF-A192-410F-9A86-0D4295958232}"
EndProject
Project("{9A19103F-16F7-4668-BE54-9A1E7A4F7556}") = "StringInterview7", "StringInterview7\StringInterview7.csproj", "{37A246A5-EE09-4901-89DB-B09E9690AE17}"
EndProject
Project("{9A19103F-16F7-4668-BE54-9A1E7A4F7556}") = "StringInterview16", "StringInterview16\StringInterview16.csproj", "{F555F2A4-CB20-4971-81EE-F70A42264A7D}"
EndProject
Project("{9A19103F-16F7-4668-BE54-9A1E7A4F7556}") = "LiveChat", "LiveChat\LiveChat.csproj", "{1D0D5BD7-49A2-4161-A861-E2556C0F8AE0}"
EndProject
Project("{FAE04EC0-301F-11D3-BF4B-00C04F79EFBC}") = "LiveChatRoom", "LiveChatRoom\LiveChatRoom.csproj", "{FB68AC88-13A1-4BA4-8648-A63776B67082}"
EndProject
Project("{FAE04EC0-301F-11D3-BF4B-00C04F79EFBC}") = "ChatRoomLive", "ChatRoomLive\ChatRoomLive.csproj", "{4B8F1D1F-E72E-4F72-9043-6F43CAE47F7F}"
EndProject
Global
	GlobalSection(SolutionConfigurationPlatforms) = preSolution
		Debug|Any CPU = Debug|Any CPU
		Release|Any CPU = Release|Any CPU
	EndGlobalSection
	GlobalSection(ProjectConfigurationPlatforms) = postSolution
		{57C224CF-9CFE-4EBA-9DF5-74F371375EEE}.Debug|Any CPU.ActiveCfg = Debug|Any CPU
		{57C224CF-9CFE-4EBA-9DF5-74F371375EEE}.Debug|Any CPU.Build.0 = Debug|Any CPU
		{57C224CF-9CFE-4EBA-9DF5-74F371375EEE}.Release|Any CPU.ActiveCfg = Release|Any CPU
		{57C224CF-9CFE-4EBA-9DF5-74F371375EEE}.Release|Any CPU.Build.0 = Release|Any CPU
		{16AA9F7E-20CE-4332-A538-1A400321B677}.Debug|Any CPU.ActiveCfg = Debug|Any CPU
		{16AA9F7E-20CE-4332-A538-1A400321B677}.Debug|Any CPU.Build.0 = Debug|Any CPU
		{16AA9F7E-20CE-4332-A538-1A400321B677}.Release|Any CPU.ActiveCfg = Release|Any CPU
		{16AA9F7E-20CE-4332-A538-1A400321B677}.Release|Any CPU.Build.0 = Release|Any CPU
		{D1725CCD-6A9C-408A-BF08-A8DF776391D0}.Debug|Any CPU.ActiveCfg = Debug|Any CPU
		{D1725CCD-6A9C-408A-BF08-A8DF776391D0}.Debug|Any CPU.Build.0 = Debug|Any CPU
		{D1725CCD-6A9C-408A-BF08-A8DF776391D0}.Release|Any CPU.ActiveCfg = Release|Any CPU
		{D1725CCD-6A9C-408A-BF08-A8DF776391D0}.Release|Any CPU.Build.0 = Release|Any CPU
		{1DE653F9-811C-4D11-9592-2BF247560F39}.Debug|Any CPU.ActiveCfg = Debug|Any CPU
		{1DE653F9-811C-4D11-9592-2BF247560F39}.Debug|Any CPU.Build.0 = Debug|Any CPU
		{1DE653F9-811C-4D11-9592-2BF247560F39}.Release|Any CPU.ActiveCfg = Release|Any CPU
		{1DE653F9-811C-4D11-9592-2BF247560F39}.Release|Any CPU.Build.0 = Release|Any CPU
		{D2ACB464-3C0C-4F88-B27D-8DAF6792A4DE}.Debug|Any CPU.ActiveCfg = Debug|Any CPU
		{D2ACB464-3C0C-4F88-B27D-8DAF6792A4DE}.Debug|Any CPU.Build.0 = Debug|Any CPU
		{D2ACB464-3C0C-4F88-B27D-8DAF6792A4DE}.Release|Any CPU.ActiveCfg = Release|Any CPU
		{D2ACB464-3C0C-4F88-B27D-8DAF6792A4DE}.Release|Any CPU.Build.0 = Release|Any CPU
		{55FFF00A-6F5B-4381-8FAF-479595D6746B}.Debug|Any CPU.ActiveCfg = Debug|Any CPU
		{55FFF00A-6F5B-4381-8FAF-479595D6746B}.Debug|Any CPU.Build.0 = Debug|Any CPU
		{55FFF00A-6F5B-4381-8FAF-479595D6746B}.Release|Any CPU.ActiveCfg = Release|Any CPU
		{55FFF00A-6F5B-4381-8FAF-479595D6746B}.Release|Any CPU.Build.0 = Release|Any CPU
		{08F3B282-17F4-4508-B7EF-22D9B232394B}.Debug|Any CPU.ActiveCfg = Debug|Any CPU
		{08F3B282-17F4-4508-B7EF-22D9B232394B}.Debug|Any CPU.Build.0 = Debug|Any CPU
		{08F3B282-17F4-4508-B7EF-22D9B232394B}.Release|Any CPU.ActiveCfg = Release|Any CPU
		{08F3B282-17F4-4508-B7EF-22D9B232394B}.Release|Any CPU.Build.0 = Release|Any CPU
		{8DE1423C-A055-4ED6-BA27-23C664FD9049}.Debug|Any CPU.ActiveCfg = Debug|Any CPU
		{8DE1423C-A055-4ED6-BA27-23C664FD9049}.Debug|Any CPU.Build.0 = Debug|Any CPU
		{8DE1423C-A055-4ED6-BA27-23C664FD9049}.Release|Any CPU.ActiveCfg = Release|Any CPU
		{8DE1423C-A055-4ED6-BA27-23C664FD9049}.Release|Any CPU.Build.0 = Release|Any CPU
		{FE771EB1-DDA1-4872-AB8A-B60C5BD723B4}.Debug|Any CPU.ActiveCfg = Debug|Any CPU
		{FE771EB1-DDA1-4872-AB8A-B60C5BD723B4}.Debug|Any CPU.Build.0 = Debug|Any CPU
		{FE771EB1-DDA1-4872-AB8A-B60C5BD723B4}.Release|Any CPU.ActiveCfg = Release|Any CPU
		{FE771EB1-DDA1-4872-AB8A-B60C5BD723B4}.Release|Any CPU.Build.0 = Release|Any CPU
		{03402272-28E8-476B-BB0F-B258C81B078B}.Debug|Any CPU.ActiveCfg = Debug|Any CPU
		{03402272-28E8-476B-BB0F-B258C81B078B}.Debug|Any CPU.Build.0 = Debug|Any CPU
		{03402272-28E8-476B-BB0F-B258C81B078B}.Release|Any CPU.ActiveCfg = Release|Any CPU
		{03402272-28E8-476B-BB0F-B258C81B078B}.Release|Any CPU.Build.0 = Release|Any CPU
		{EBF418BA-48E8-4BDB-BF1A-E9BA015805F4}.Debug|Any CPU.ActiveCfg = Debug|Any CPU
		{EBF418BA-48E8-4BDB-BF1A-E9BA015805F4}.Debug|Any CPU.Build.0 = Debug|Any CPU
		{EBF418BA-48E8-4BDB-BF1A-E9BA015805F4}.Release|Any CPU.ActiveCfg = Release|Any CPU
		{EBF418BA-48E8-4BDB-BF1A-E9BA015805F4}.Release|Any CPU.Build.0 = Release|Any CPU
		{46EE5CB8-8885-4CE0-B12C-F0326324A3C0}.Debug|Any CPU.ActiveCfg = Debug|Any CPU
		{46EE5CB8-8885-4CE0-B12C-F0326324A3C0}.Debug|Any CPU.Build.0 = Debug|Any CPU
		{46EE5CB8-8885-4CE0-B12C-F0326324A3C0}.Release|Any CPU.ActiveCfg = Release|Any CPU
		{46EE5CB8-8885-4CE0-B12C-F0326324A3C0}.Release|Any CPU.Build.0 = Release|Any CPU
		{E3A6914A-B0A3-4B26-9D4A-789342BAC753}.Debug|Any CPU.ActiveCfg = Debug|Any CPU
		{E3A6914A-B0A3-4B26-9D4A-789342BAC753}.Debug|Any CPU.Build.0 = Debug|Any CPU
		{E3A6914A-B0A3-4B26-9D4A-789342BAC753}.Release|Any CPU.ActiveCfg = Release|Any CPU
		{E3A6914A-B0A3-4B26-9D4A-789342BAC753}.Release|Any CPU.Build.0 = Release|Any CPU
		{92086D93-DA84-4F58-8558-2374E43F3677}.Debug|Any CPU.ActiveCfg = Debug|Any CPU
		{92086D93-DA84-4F58-8558-2374E43F3677}.Debug|Any CPU.Build.0 = Debug|Any CPU
		{92086D93-DA84-4F58-8558-2374E43F3677}.Release|Any CPU.ActiveCfg = Release|Any CPU
		{92086D93-DA84-4F58-8558-2374E43F3677}.Release|Any CPU.Build.0 = Release|Any CPU
		{C4320667-569C-42E6-81A5-4D33457539DC}.Debug|Any CPU.ActiveCfg = Debug|Any CPU
		{C4320667-569C-42E6-81A5-4D33457539DC}.Debug|Any CPU.Build.0 = Debug|Any CPU
		{C4320667-569C-42E6-81A5-4D33457539DC}.Release|Any CPU.ActiveCfg = Release|Any CPU
		{C4320667-569C-42E6-81A5-4D33457539DC}.Release|Any CPU.Build.0 = Release|Any CPU
		{E0E69A34-5E0E-4C1F-9DCA-FFD9220BBA7E}.Debug|Any CPU.ActiveCfg = Debug|Any CPU
		{E0E69A34-5E0E-4C1F-9DCA-FFD9220BBA7E}.Debug|Any CPU.Build.0 = Debug|Any CPU
		{E0E69A34-5E0E-4C1F-9DCA-FFD9220BBA7E}.Release|Any CPU.ActiveCfg = Release|Any CPU
		{E0E69A34-5E0E-4C1F-9DCA-FFD9220BBA7E}.Release|Any CPU.Build.0 = Release|Any CPU
		{B7EE3F11-DE91-419A-922F-2A7736C375ED}.Debug|Any CPU.ActiveCfg = Debug|Any CPU
		{B7EE3F11-DE91-419A-922F-2A7736C375ED}.Debug|Any CPU.Build.0 = Debug|Any CPU
		{B7EE3F11-DE91-419A-922F-2A7736C375ED}.Release|Any CPU.ActiveCfg = Release|Any CPU
		{B7EE3F11-DE91-419A-922F-2A7736C375ED}.Release|Any CPU.Build.0 = Release|Any CPU
		{6287DA6A-8E0B-4A2B-8E5B-0F2211DE275F}.Debug|Any CPU.ActiveCfg = Debug|Any CPU
		{6287DA6A-8E0B-4A2B-8E5B-0F2211DE275F}.Debug|Any CPU.Build.0 = Debug|Any CPU
		{6287DA6A-8E0B-4A2B-8E5B-0F2211DE275F}.Release|Any CPU.ActiveCfg = Release|Any CPU
		{6287DA6A-8E0B-4A2B-8E5B-0F2211DE275F}.Release|Any CPU.Build.0 = Release|Any CPU
		{9FC9A1C1-836C-455B-AB59-856AD30375C8}.Debug|Any CPU.ActiveCfg = Debug|Any CPU
		{9FC9A1C1-836C-455B-AB59-856AD30375C8}.Debug|Any CPU.Build.0 = Debug|Any CPU
		{9FC9A1C1-836C-455B-AB59-856AD30375C8}.Release|Any CPU.ActiveCfg = Release|Any CPU
		{9FC9A1C1-836C-455B-AB59-856AD30375C8}.Release|Any CPU.Build.0 = Release|Any CPU
		{403E7A5F-D731-4F57-AA4E-63AD561D8C74}.Debug|Any CPU.ActiveCfg = Debug|Any CPU
		{403E7A5F-D731-4F57-AA4E-63AD561D8C74}.Debug|Any CPU.Build.0 = Debug|Any CPU
		{403E7A5F-D731-4F57-AA4E-63AD561D8C74}.Release|Any CPU.ActiveCfg = Release|Any CPU
		{403E7A5F-D731-4F57-AA4E-63AD561D8C74}.Release|Any CPU.Build.0 = Release|Any CPU
		{3EAFEA9C-3BA5-4337-BB11-C150B222A444}.Debug|Any CPU.ActiveCfg = Debug|Any CPU
		{3EAFEA9C-3BA5-4337-BB11-C150B222A444}.Debug|Any CPU.Build.0 = Debug|Any CPU
		{3EAFEA9C-3BA5-4337-BB11-C150B222A444}.Release|Any CPU.ActiveCfg = Release|Any CPU
		{3EAFEA9C-3BA5-4337-BB11-C150B222A444}.Release|Any CPU.Build.0 = Release|Any CPU
		{5C0E12EF-A192-410F-9A86-0D4295958232}.Debug|Any CPU.ActiveCfg = Debug|Any CPU
		{5C0E12EF-A192-410F-9A86-0D4295958232}.Debug|Any CPU.Build.0 = Debug|Any CPU
		{5C0E12EF-A192-410F-9A86-0D4295958232}.Release|Any CPU.ActiveCfg = Release|Any CPU
		{5C0E12EF-A192-410F-9A86-0D4295958232}.Release|Any CPU.Build.0 = Release|Any CPU
		{37A246A5-EE09-4901-89DB-B09E9690AE17}.Debug|Any CPU.ActiveCfg = Debug|Any CPU
		{37A246A5-EE09-4901-89DB-B09E9690AE17}.Debug|Any CPU.Build.0 = Debug|Any CPU
		{37A246A5-EE09-4901-89DB-B09E9690AE17}.Release|Any CPU.ActiveCfg = Release|Any CPU
		{37A246A5-EE09-4901-89DB-B09E9690AE17}.Release|Any CPU.Build.0 = Release|Any CPU
		{F555F2A4-CB20-4971-81EE-F70A42264A7D}.Debug|Any CPU.ActiveCfg = Debug|Any CPU
		{F555F2A4-CB20-4971-81EE-F70A42264A7D}.Debug|Any CPU.Build.0 = Debug|Any CPU
		{F555F2A4-CB20-4971-81EE-F70A42264A7D}.Release|Any CPU.ActiveCfg = Release|Any CPU
		{F555F2A4-CB20-4971-81EE-F70A42264A7D}.Release|Any CPU.Build.0 = Release|Any CPU
		{1D0D5BD7-49A2-4161-A861-E2556C0F8AE0}.Debug|Any CPU.ActiveCfg = Debug|Any CPU
		{1D0D5BD7-49A2-4161-A861-E2556C0F8AE0}.Debug|Any CPU.Build.0 = Debug|Any CPU
		{1D0D5BD7-49A2-4161-A861-E2556C0F8AE0}.Release|Any CPU.ActiveCfg = Release|Any CPU
		{1D0D5BD7-49A2-4161-A861-E2556C0F8AE0}.Release|Any CPU.Build.0 = Release|Any CPU
		{FB68AC88-13A1-4BA4-8648-A63776B67082}.Debug|Any CPU.ActiveCfg = Debug|Any CPU
		{FB68AC88-13A1-4BA4-8648-A63776B67082}.Debug|Any CPU.Build.0 = Debug|Any CPU
		{FB68AC88-13A1-4BA4-8648-A63776B67082}.Release|Any CPU.ActiveCfg = Release|Any CPU
		{FB68AC88-13A1-4BA4-8648-A63776B67082}.Release|Any CPU.Build.0 = Release|Any CPU
		{4B8F1D1F-E72E-4F72-9043-6F43CAE47F7F}.Debug|Any CPU.ActiveCfg = Debug|Any CPU
		{4B8F1D1F-E72E-4F72-9043-6F43CAE47F7F}.Debug|Any CPU.Build.0 = Debug|Any CPU
		{4B8F1D1F-E72E-4F72-9043-6F43CAE47F7F}.Release|Any CPU.ActiveCfg = Release|Any CPU
		{4B8F1D1F-E72E-4F72-9043-6F43CAE47F7F}.Release|Any CPU.Build.0 = Release|Any CPU
	EndGlobalSection
	GlobalSection(SolutionProperties) = preSolution
		HideSolutionNode = FALSE
	EndGlobalSection
	GlobalSection(ExtensibilityGlobals) = postSolution
		SolutionGuid = {36823C5A-5B20-4313-A78B-237F1E1C5BB0}
	EndGlobalSection
EndGlobal
