
Microsoft Visual Studio Solution File, Format Version 11.00
# Visual Studio 2010
# SharpDevelop 4.4
Project("{FD48973F-F585-4F70-812B-4D0503B36CE9}") = "Pg272", "Pg272\Pg272.pyproj", "{B5392812-750D-4CBD-93A2-92721ADF1342}"
EndProject
Global
	GlobalSection(SolutionConfigurationPlatforms) = preSolution
		Debug|Any CPU = Debug|Any CPU
		Release|Any CPU = Release|Any CPU
	EndGlobalSection
	GlobalSection(ProjectConfigurationPlatforms) = postSolution
		{B5392812-750D-4CBD-93A2-92721ADF1342}.Debug|Any CPU.Build.0 = Debug|Any CPU
		{B5392812-750D-4CBD-93A2-92721ADF1342}.Debug|Any CPU.ActiveCfg = Debug|Any CPU
		{B5392812-750D-4CBD-93A2-92721ADF1342}.Release|Any CPU.Build.0 = Release|Any CPU
		{B5392812-750D-4CBD-93A2-92721ADF1342}.Release|Any CPU.ActiveCfg = Release|Any CPU
	EndGlobalSection
EndGlobal
